
Microsoft Visual Studio Solution File, Format Version 12.00
# Visual Studio Version 17
VisualStudioVersion = 17.11.35222.181
MinimumVisualStudioVersion = 10.0.40219.1
Project("{9A19103F-16F7-4668-BE54-9A1E7A4F7556}") = "SampleUser", "SampleUser\SampleUser.csproj", "{2B416F03-A209-494B-A9FC-83C024441E34}"
EndProject
Project("{9A19103F-16F7-4668-BE54-9A1E7A4F7556}") = "DataAccessLayer", "DataAccessLayer\DataAccessLayer.csproj", "{D770F187-681E-49EF-B377-F2F1469A9AFF}"
EndProject
Project("{9A19103F-16F7-4668-BE54-9A1E7A4F7556}") = "ServicesLayer", "ServicesLayer\ServicesLayer.csproj", "{4E007235-C088-42A5-8048-FA39177D72D5}"
EndProject
Project("{9A19103F-16F7-4668-BE54-9A1E7A4F7556}") = "RepositoryLayer", "RepositoryLayer\RepositoryLayer.csproj", "{2926896A-BA56-4875-853A-A4ECC260C4F5}"
EndProject
Global
	GlobalSection(SolutionConfigurationPlatforms) = preSolution
		Debug|Any CPU = Debug|Any CPU
		Release|Any CPU = Release|Any CPU
	EndGlobalSection
	GlobalSection(ProjectConfigurationPlatforms) = postSolution
		{2B416F03-A209-494B-A9FC-83C024441E34}.Debug|Any CPU.ActiveCfg = Debug|Any CPU
		{2B416F03-A209-494B-A9FC-83C024441E34}.Debug|Any CPU.Build.0 = Debug|Any CPU
		{2B416F03-A209-494B-A9FC-83C024441E34}.Release|Any CPU.ActiveCfg = Release|Any CPU
		{2B416F03-A209-494B-A9FC-83C024441E34}.Release|Any CPU.Build.0 = Release|Any CPU
		{D770F187-681E-49EF-B377-F2F1469A9AFF}.Debug|Any CPU.ActiveCfg = Debug|Any CPU
		{D770F187-681E-49EF-B377-F2F1469A9AFF}.Debug|Any CPU.Build.0 = Debug|Any CPU
		{D770F187-681E-49EF-B377-F2F1469A9AFF}.Release|Any CPU.ActiveCfg = Release|Any CPU
		{D770F187-681E-49EF-B377-F2F1469A9AFF}.Release|Any CPU.Build.0 = Release|Any CPU
		{4E007235-C088-42A5-8048-FA39177D72D5}.Debug|Any CPU.ActiveCfg = Debug|Any CPU
		{4E007235-C088-42A5-8048-FA39177D72D5}.Debug|Any CPU.Build.0 = Debug|Any CPU
		{4E007235-C088-42A5-8048-FA39177D72D5}.Release|Any CPU.ActiveCfg = Release|Any CPU
		{4E007235-C088-42A5-8048-FA39177D72D5}.Release|Any CPU.Build.0 = Release|Any CPU
		{2926896A-BA56-4875-853A-A4ECC260C4F5}.Debug|Any CPU.ActiveCfg = Debug|Any CPU
		{2926896A-BA56-4875-853A-A4ECC260C4F5}.Debug|Any CPU.Build.0 = Debug|Any CPU
		{2926896A-BA56-4875-853A-A4ECC260C4F5}.Release|Any CPU.ActiveCfg = Release|Any CPU
		{2926896A-BA56-4875-853A-A4ECC260C4F5}.Release|Any CPU.Build.0 = Release|Any CPU
	EndGlobalSection
	GlobalSection(SolutionProperties) = preSolution
		HideSolutionNode = FALSE
	EndGlobalSection
	GlobalSection(ExtensibilityGlobals) = postSolution
		SolutionGuid = {812F2F4B-0DF3-4201-A4AA-036E518D185B}
	EndGlobalSection
EndGlobal
